<?xml version="1.0" encoding="utf-8"?>
<Project ToolsVersion="4.0" xmlns="http://schemas.microsoft.com/developer/msbuild/2003">
  <ItemGroup>
    <Filter Include="Исходные файлы">
      <UniqueIdentifier>{4FC737F1-C7A5-4376-A066-2A32D752A2FF}</UniqueIdentifier>
      <Extensions>cpp;c;cc;cxx;c++;cppm;ixx;def;odl;idl;hpj;bat;asm;asmx</Extensions>
    </Filter>
    <Filter Include="Файлы заголовков">
      <UniqueIdentifier>{93995380-89BD-4b04-88EB-625FBE52EBFB}</UniqueIdentifier>
      <Extensions>h;hh;hpp;hxx;h++;hm;inl;inc;ipp;xsd</Extensions>
    </Filter>
    <Filter Include="Файлы ресурсов">
      <UniqueIdentifier>{67DA6AB6-F800-4c08-8B7A-83BB121AAD01}</UniqueIdentifier>
      <Extensions>rc;ico;cur;bmp;dlg;rc2;rct;bin;rgs;gif;jpg;jpeg;jpe;resx;tiff;tif;png;wav;mfcribbon-ms</Extensions>
    </Filter>
    <Filter Include="Исходные файлы\core">
      <UniqueIdentifier>{e45fb541-70c0-489c-a7af-092b6e681ed7}</UniqueIdentifier>
    </Filter>
    <Filter Include="Исходные файлы\elements">
      <UniqueIdentifier>{3d2ba67c-325f-4233-8afd-87e5aa6e4daa}</UniqueIdentifier>
    </Filter>
    <Filter Include="Исходные файлы\Storage">
      <UniqueIdentifier>{fa5139b7-8f53-47c9-aea5-89267c65f39e}</UniqueIdentifier>
    </Filter>
  </ItemGroup>
  <ItemGroup>
    <ClCompile Include="ConsoleApplication3.cpp">
      <Filter>Исходные файлы</Filter>
    </ClCompile>
    <ClCompile Include="Core\Mesh.cpp">
      <Filter>Исходные файлы\core</Filter>
    </ClCompile>
    <ClCompile Include="Core\Reader.cpp">
      <Filter>Исходные файлы\core</Filter>
    </ClCompile>
    <ClCompile Include="Core\Vector3D.cpp">
      <Filter>Исходные файлы\core</Filter>
    </ClCompile>
    <ClCompile Include="Elements\TreeLinearLagrange.cpp">
      <Filter>Исходные файлы\elements</Filter>
    </ClCompile>
    <ClCompile Include="Elements\BiLinearLagrange.cpp">
      <Filter>Исходные файлы\elements</Filter>
    </ClCompile>
    <ClCompile Include="Core\ElipticProblem.cpp">
      <Filter>Исходные файлы\core</Filter>
    </ClCompile>
    <ClCompile Include="Core\GiperbolicProblemGarmonic.cpp">
      <Filter>Исходные файлы\core</Filter>
    </ClCompile>
    <ClCompile Include="Matrix\GlobalMatrix.cpp">
      <Filter>Исходные файлы\Storage</Filter>
    </ClCompile>
    <ClCompile Include="Matrix\DenseStorage.cpp">
      <Filter>Исходные файлы\Storage</Filter>
    </ClCompile>
    <ClCompile Include="Core\Assembler.cpp">
      <Filter>Исходные файлы\core</Filter>
    </ClCompile>
    <ClCompile Include="Elements\ElipticMaterial.cpp">
      <Filter>Исходные файлы\elements</Filter>
    </ClCompile>
    <ClCompile Include="Matrix\MatrixSolver.cpp">
      <Filter>Исходные файлы\Storage</Filter>
    </ClCompile>
    <ClCompile Include="Elements\LinearElemTemplate.cpp">
      <Filter>Исходные файлы\elements</Filter>
    </ClCompile>
    <ClCompile Include="Core\BoundryCondition.cpp">
      <Filter>Исходные файлы\core</Filter>
    </ClCompile>
    <ClCompile Include="SolveEllipticProblems.cpp">
      <Filter>Исходные файлы</Filter>
    </ClCompile>
    <ClCompile Include="Matrix\ProfileMatrix.cpp">
      <Filter>Исходные файлы\Storage</Filter>
    </ClCompile>
    <ClCompile Include="Elements\GiperbolicMaterialGarmonic.cpp">
      <Filter>Исходные файлы</Filter>
    </ClCompile>
    <ClCompile Include="SolveGiperbolicGarmonicProblem.cpp">
      <Filter>Исходные файлы</Filter>
    </ClCompile>
  </ItemGroup>
  <ItemGroup>
    <Text Include="SimpleMesh.txt">
      <Filter>Файлы ресурсов</Filter>
    </Text>
    <Text Include="twoCube.txt">
      <Filter>Файлы ресурсов</Filter>
    </Text>
    <Text Include="PointInsite.txt">
      <Filter>Файлы ресурсов</Filter>
    </Text>
    <Text Include="cube1.txt">
      <Filter>Файлы ресурсов</Filter>
    </Text>
    <Text Include="cube2.txt">
      <Filter>Файлы ресурсов</Filter>
    </Text>
    <Text Include="cube3.txt">
      <Filter>Файлы ресурсов</Filter>
    </Text>
    <Text Include="cube4.txt">
      <Filter>Файлы ресурсов</Filter>
    </Text>
    <Text Include="cube32.txt" />
    <Text Include="cube5.txt" />
    <Text Include="cubeTest3.txt" />
  </ItemGroup>
  <ItemGroup>
    <ClInclude Include="Elements\BiLinearLagrange.h">
      <Filter>Файлы заголовков</Filter>
    </ClInclude>
    <ClInclude Include="Core\Mesh.h">
      <Filter>Файлы заголовков</Filter>
    </ClInclude>
    <ClInclude Include="Core\Reader.h">
      <Filter>Файлы заголовков</Filter>
    </ClInclude>
    <ClInclude Include="Core\Vector3D.h">
      <Filter>Файлы заголовков</Filter>
    </ClInclude>
    <ClInclude Include="Elements\TreeLinearLagrange.h">
      <Filter>Файлы заголовков</Filter>
    </ClInclude>
    <ClInclude Include="resource.h">
      <Filter>Файлы заголовков</Filter>
    </ClInclude>
    <ClInclude Include="Core\ElipticProblem.h">
      <Filter>Файлы заголовков</Filter>
    </ClInclude>
    <ClInclude Include="Core\GiperbolicProblemGarmonic.h">
      <Filter>Файлы заголовков</Filter>
    </ClInclude>
    <ClInclude Include="Matrix\GlobalMatrix.h">
      <Filter>Файлы заголовков</Filter>
    </ClInclude>
    <ClInclude Include="Matrix\DenseStorage.h">
      <Filter>Файлы заголовков</Filter>
    </ClInclude>
    <ClInclude Include="Core\Assembler.h">
      <Filter>Файлы заголовков</Filter>
    </ClInclude>
    <ClInclude Include="Elements\ElipticMaterial.h">
      <Filter>Файлы заголовков</Filter>
    </ClInclude>
    <ClInclude Include="Matrix\MatrixSolver.h">
      <Filter>Файлы заголовков</Filter>
    </ClInclude>
    <ClInclude Include="Elements\LinearElemTemplate.h">
      <Filter>Файлы заголовков</Filter>
    </ClInclude>
    <ClInclude Include="Core\BoundryCondition.h">
      <Filter>Файлы заголовков</Filter>
    </ClInclude>
    <ClInclude Include="Matrix\ProfileMatrix.h">
      <Filter>Файлы заголовков</Filter>
    </ClInclude>
    <ClInclude Include="SolveEllipticProblems.h">
      <Filter>Файлы заголовков</Filter>
    </ClInclude>
    <ClInclude Include="Elements\GiperbolicMaterialGarmonic.h">
      <Filter>Файлы заголовков</Filter>
    </ClInclude>
    <ClInclude Include="SolveGiperbolicGarmonicProblem.h">
      <Filter>Файлы заголовков</Filter>
    </ClInclude>
  </ItemGroup>
  <ItemGroup>
    <ResourceCompile Include="ConsoleApplication3.rc">
      <Filter>Файлы ресурсов</Filter>
    </ResourceCompile>
  </ItemGroup>
</Project>